
Microsoft Visual Studio Solution File, Format Version 12.00
# Visual Studio Version 17
VisualStudioVersion = 17.3.32901.215
MinimumVisualStudioVersion = 10.0.40219.1
Project("{2150E333-8FDC-42A3-9474-1A3956D46DE8}") = "src", "src", "{E261C786-9F89-4D4B-9EC7-8F30185092AE}"
EndProject
Project("{2150E333-8FDC-42A3-9474-1A3956D46DE8}") = "RB.Core", "RB.Core", "{CD694DA8-8D3C-40AA-9607-3F84BD7E476F}"
EndProject
Project("{2150E333-8FDC-42A3-9474-1A3956D46DE8}") = "RB.Infrastructure", "RB.Infrastructure", "{1A7C1B63-258D-4287-9B18-7B1DDBA5145A}"
EndProject
Project("{2150E333-8FDC-42A3-9474-1A3956D46DE8}") = "RB.Presentation", "RB.Presentation", "{8E2D7238-64B7-490D-BF77-461EF5631819}"
EndProject
Project("{9A19103F-16F7-4668-BE54-9A1E7A4F7556}") = "RB.Core.Application", "RB.Core.Application\RB.Core.Application.csproj", "{BCBAAD73-B5E8-45BA-9727-233E5E9FE77C}"
EndProject
Project("{9A19103F-16F7-4668-BE54-9A1E7A4F7556}") = "RB.Core.Domain", "RB.Core.Domain\RB.Core.Domain.csproj", "{40E3390C-28C1-419F-B5FD-E33C3542D707}"
EndProject
Project("{9A19103F-16F7-4668-BE54-9A1E7A4F7556}") = "RB.Infrastructure.Repository", "RB.Infrastructure.Repository\RB.Infrastructure.Repository.csproj", "{FDFF9DF7-96D7-430E-A9FC-2F47CA3DD0B2}"
EndProject
Project("{2150E333-8FDC-42A3-9474-1A3956D46DE8}") = "User", "User", "{EDBE36A1-65B4-4FC5-ADAB-94BBE8B0A80E}"
EndProject
Project("{2150E333-8FDC-42A3-9474-1A3956D46DE8}") = "Admin", "Admin", "{94898091-705F-4893-BB71-A6516787CB58}"
EndProject
Project("{9A19103F-16F7-4668-BE54-9A1E7A4F7556}") = "RB.Presentation.Admin.API", "RB.Presentation.Admin.API\RB.Presentation.Admin.API.csproj", "{EC8B829B-60B9-4723-ACFF-B1C95380395E}"
EndProject
Project("{9A19103F-16F7-4668-BE54-9A1E7A4F7556}") = "RB.Presentation.User.API", "RB.Presentation.User.API\RB.Presentation.User.API.csproj", "{A3002815-53B2-455E-99EC-C36DDB415160}"
EndProject
Global
	GlobalSection(SolutionConfigurationPlatforms) = preSolution
		Debug|Any CPU = Debug|Any CPU
		Release|Any CPU = Release|Any CPU
	EndGlobalSection
	GlobalSection(ProjectConfigurationPlatforms) = postSolution
		{BCBAAD73-B5E8-45BA-9727-233E5E9FE77C}.Debug|Any CPU.ActiveCfg = Debug|Any CPU
		{BCBAAD73-B5E8-45BA-9727-233E5E9FE77C}.Debug|Any CPU.Build.0 = Debug|Any CPU
		{BCBAAD73-B5E8-45BA-9727-233E5E9FE77C}.Release|Any CPU.ActiveCfg = Release|Any CPU
		{BCBAAD73-B5E8-45BA-9727-233E5E9FE77C}.Release|Any CPU.Build.0 = Release|Any CPU
		{40E3390C-28C1-419F-B5FD-E33C3542D707}.Debug|Any CPU.ActiveCfg = Debug|Any CPU
		{40E3390C-28C1-419F-B5FD-E33C3542D707}.Debug|Any CPU.Build.0 = Debug|Any CPU
		{40E3390C-28C1-419F-B5FD-E33C3542D707}.Release|Any CPU.ActiveCfg = Release|Any CPU
		{40E3390C-28C1-419F-B5FD-E33C3542D707}.Release|Any CPU.Build.0 = Release|Any CPU
		{FDFF9DF7-96D7-430E-A9FC-2F47CA3DD0B2}.Debug|Any CPU.ActiveCfg = Debug|Any CPU
		{FDFF9DF7-96D7-430E-A9FC-2F47CA3DD0B2}.Debug|Any CPU.Build.0 = Debug|Any CPU
		{FDFF9DF7-96D7-430E-A9FC-2F47CA3DD0B2}.Release|Any CPU.ActiveCfg = Release|Any CPU
		{FDFF9DF7-96D7-430E-A9FC-2F47CA3DD0B2}.Release|Any CPU.Build.0 = Release|Any CPU
		{EC8B829B-60B9-4723-ACFF-B1C95380395E}.Debug|Any CPU.ActiveCfg = Debug|Any CPU
		{EC8B829B-60B9-4723-ACFF-B1C95380395E}.Debug|Any CPU.Build.0 = Debug|Any CPU
		{EC8B829B-60B9-4723-ACFF-B1C95380395E}.Release|Any CPU.ActiveCfg = Release|Any CPU
		{EC8B829B-60B9-4723-ACFF-B1C95380395E}.Release|Any CPU.Build.0 = Release|Any CPU
		{A3002815-53B2-455E-99EC-C36DDB415160}.Debug|Any CPU.ActiveCfg = Debug|Any CPU
		{A3002815-53B2-455E-99EC-C36DDB415160}.Debug|Any CPU.Build.0 = Debug|Any CPU
		{A3002815-53B2-455E-99EC-C36DDB415160}.Release|Any CPU.ActiveCfg = Release|Any CPU
		{A3002815-53B2-455E-99EC-C36DDB415160}.Release|Any CPU.Build.0 = Release|Any CPU
	EndGlobalSection
	GlobalSection(SolutionProperties) = preSolution
		HideSolutionNode = FALSE
	EndGlobalSection
	GlobalSection(NestedProjects) = preSolution
		{CD694DA8-8D3C-40AA-9607-3F84BD7E476F} = {E261C786-9F89-4D4B-9EC7-8F30185092AE}
		{1A7C1B63-258D-4287-9B18-7B1DDBA5145A} = {E261C786-9F89-4D4B-9EC7-8F30185092AE}
		{8E2D7238-64B7-490D-BF77-461EF5631819} = {E261C786-9F89-4D4B-9EC7-8F30185092AE}
		{BCBAAD73-B5E8-45BA-9727-233E5E9FE77C} = {CD694DA8-8D3C-40AA-9607-3F84BD7E476F}
		{40E3390C-28C1-419F-B5FD-E33C3542D707} = {CD694DA8-8D3C-40AA-9607-3F84BD7E476F}
		{FDFF9DF7-96D7-430E-A9FC-2F47CA3DD0B2} = {1A7C1B63-258D-4287-9B18-7B1DDBA5145A}
		{EDBE36A1-65B4-4FC5-ADAB-94BBE8B0A80E} = {8E2D7238-64B7-490D-BF77-461EF5631819}
		{94898091-705F-4893-BB71-A6516787CB58} = {8E2D7238-64B7-490D-BF77-461EF5631819}
		{EC8B829B-60B9-4723-ACFF-B1C95380395E} = {94898091-705F-4893-BB71-A6516787CB58}
		{A3002815-53B2-455E-99EC-C36DDB415160} = {EDBE36A1-65B4-4FC5-ADAB-94BBE8B0A80E}
	EndGlobalSection
	GlobalSection(ExtensibilityGlobals) = postSolution
		SolutionGuid = {79BAD45D-68A3-4AF3-B89C-581956F84772}
	EndGlobalSection
EndGlobal
